
Microsoft Visual Studio Solution File, Format Version 12.00
# Visual Studio Version 16
VisualStudioVersion = 16.0.30011.22
MinimumVisualStudioVersion = 10.0.40219.1
Project("{FAE04EC0-301F-11D3-BF4B-00C04F79EFBC}") = "Crying baby phone", "Crying baby phone.csproj", "{007F03E4-E3A4-466C-ADFD-44C127A28EC8}"
EndProject
Global
	GlobalSection(SolutionConfigurationPlatforms) = preSolution
		Debug|Any CPU = Debug|Any CPU
		Release|Any CPU = Release|Any CPU
	EndGlobalSection
	GlobalSection(ProjectConfigurationPlatforms) = postSolution
		{007F03E4-E3A4-466C-ADFD-44C127A28EC8}.Debug|Any CPU.ActiveCfg = Debug|Any CPU
		{007F03E4-E3A4-466C-ADFD-44C127A28EC8}.Debug|Any CPU.Build.0 = Debug|Any CPU
		{007F03E4-E3A4-466C-ADFD-44C127A28EC8}.Debug|Any CPU.Deploy.0 = Debug|Any CPU
		{007F03E4-E3A4-466C-ADFD-44C127A28EC8}.Release|Any CPU.ActiveCfg = Release|Any CPU
		{007F03E4-E3A4-466C-ADFD-44C127A28EC8}.Release|Any CPU.Build.0 = Release|Any CPU
		{007F03E4-E3A4-466C-ADFD-44C127A28EC8}.Release|Any CPU.Deploy.0 = Release|Any CPU
	EndGlobalSection
	GlobalSection(SolutionProperties) = preSolution
		HideSolutionNode = FALSE
	EndGlobalSection
	GlobalSection(ExtensibilityGlobals) = postSolution
		SolutionGuid = {39F4EDA8-45A1-418A-8138-2B3891B0C711}
	EndGlobalSection
EndGlobal
